
Microsoft Visual Studio Solution File, Format Version 12.00
# Visual Studio Version 17
VisualStudioVersion = 17.11.35431.28
MinimumVisualStudioVersion = 10.0.40219.1
Project("{FAE04EC0-301F-11D3-BF4B-00C04F79EFBC}") = "imagetransferserver", "imagetransferserver.csproj", "{5266B42E-77AF-49BF-9973-F2161566F4F8}"
EndProject
Global
	GlobalSection(SolutionConfigurationPlatforms) = preSolution
		Debug|Any CPU = Debug|Any CPU
		Release|Any CPU = Release|Any CPU
	EndGlobalSection
	GlobalSection(ProjectConfigurationPlatforms) = postSolution
		{5266B42E-77AF-49BF-9973-F2161566F4F8}.Debug|Any CPU.ActiveCfg = Debug|Any CPU
		{5266B42E-77AF-49BF-9973-F2161566F4F8}.Debug|Any CPU.Build.0 = Debug|Any CPU
		{5266B42E-77AF-49BF-9973-F2161566F4F8}.Release|Any CPU.ActiveCfg = Release|Any CPU
		{5266B42E-77AF-49BF-9973-F2161566F4F8}.Release|Any CPU.Build.0 = Release|Any CPU
	EndGlobalSection
	GlobalSection(SolutionProperties) = preSolution
		HideSolutionNode = FALSE
	EndGlobalSection
	GlobalSection(ExtensibilityGlobals) = postSolution
		SolutionGuid = {8A52EC4B-F4C4-4639-9E29-1CE170ADF2AA}
	EndGlobalSection
EndGlobal
